<?xml version="1.0" encoding="utf-8"?>
<Project ToolsVersion="4.0" xmlns="http://schemas.microsoft.com/developer/msbuild/2003">
  <ItemGroup>
    <Filter Include="Source Files">
      <UniqueIdentifier>{4FC737F1-C7A5-4376-A066-2A32D752A2FF}</UniqueIdentifier>
      <Extensions>cpp;c;cc;cxx;def;odl;idl;hpj;bat;asm;asmx</Extensions>
    </Filter>
    <Filter Include="Header Files">
      <UniqueIdentifier>{93995380-89BD-4b04-88EB-625FBE52EBFB}</UniqueIdentifier>
      <Extensions>h;hpp;hxx;hm;inl;inc;xsd</Extensions>
    </Filter>
    <Filter Include="Resource Files">
      <UniqueIdentifier>{67DA6AB6-F800-4c08-8B7A-83BB121AAD01}</UniqueIdentifier>
      <Extensions>rc;ico;cur;bmp;dlg;rc2;rct;bin;rgs;gif;jpg;jpeg;jpe;resx;tiff;tif;png;wav;mfcribbon-ms</Extensions>
    </Filter>
    <Filter Include="EventGenerators">
      <UniqueIdentifier>{65d424a4-048b-4ce5-beb7-4b86c0381d03}</UniqueIdentifier>
    </Filter>
    <Filter Include="Comms">
      <UniqueIdentifier>{5b434de1-61b9-4fd2-9e2f-06d8b108dd0a}</UniqueIdentifier>
    </Filter>
    <Filter Include="Datatypes">
      <UniqueIdentifier>{298e467a-d60d-4642-bd01-426cbc8167c6}</UniqueIdentifier>
    </Filter>
    <Filter Include="Datatypes\WeekendInfo">
      <UniqueIdentifier>{d1ed1089-e9f3-4762-9306-ae0bcff79fce}</UniqueIdentifier>
    </Filter>
    <Filter Include="Datatypes\Camera">
      <UniqueIdentifier>{c732b71e-639a-4b6d-968f-ae662325ce59}</UniqueIdentifier>
    </Filter>
    <Filter Include="Comms\ReqResp">
      <UniqueIdentifier>{96c9d149-5228-4295-b9aa-80bc158b3811}</UniqueIdentifier>
    </Filter>
    <Filter Include="Comms\iRacing SDK">
      <UniqueIdentifier>{173559cf-0e56-4595-b325-fac5b27d82da}</UniqueIdentifier>
    </Filter>
    <Filter Include="Datatypes\Scoring">
      <UniqueIdentifier>{e598a17b-91ab-4187-8f3e-d2bbef453902}</UniqueIdentifier>
    </Filter>
    <Filter Include="Comms\ReqResp\Handlers">
      <UniqueIdentifier>{19392973-8e7c-47d3-b519-2960c1e462a8}</UniqueIdentifier>
    </Filter>
    <Filter Include="Comms\PubSub">
      <UniqueIdentifier>{0212d535-d354-4c13-bb5c-cdaa672bbf62}</UniqueIdentifier>
    </Filter>
    <Filter Include="Datatypes\WeekendInfo\DriverInfo">
      <UniqueIdentifier>{0775e759-b9ea-4e8a-97a5-ff1ec16ef79d}</UniqueIdentifier>
    </Filter>
  </ItemGroup>
  <ItemGroup>
    <Text Include="ReadMe.txt" />
  </ItemGroup>
  <ItemGroup>
    <ClInclude Include="stdafx.h">
      <Filter>Header Files</Filter>
    </ClInclude>
    <ClInclude Include="targetver.h">
      <Filter>Header Files</Filter>
    </ClInclude>
    <ClInclude Include="irreader.hpp">
      <Filter>Header Files</Filter>
    </ClInclude>
    <ClInclude Include="updatehandler.hpp">
      <Filter>EventGenerators</Filter>
    </ClInclude>
    <ClInclude Include="scoringimpulsehandler.hpp">
      <Filter>EventGenerators</Filter>
    </ClInclude>
    <ClInclude Include="dummyhandler.hpp">
      <Filter>EventGenerators</Filter>
    </ClInclude>
    <ClInclude Include="weekendinfo.hpp">
      <Filter>Datatypes\WeekendInfo</Filter>
    </ClInclude>
    <ClInclude Include="trackorder.hpp">
      <Filter>EventGenerators</Filter>
    </ClInclude>
    <ClInclude Include="CameraState.h">
      <Filter>Datatypes\Camera</Filter>
    </ClInclude>
    <ClInclude Include="irsdk_defines.h">
      <Filter>Comms\iRacing SDK</Filter>
    </ClInclude>
    <ClInclude Include="resource.h">
      <Filter>Header Files</Filter>
    </ClInclude>
    <ClInclude Include="publisher.hpp">
      <Filter>Comms\PubSub</Filter>
    </ClInclude>
    <ClInclude Include="Responder.h">
      <Filter>Comms\ReqResp</Filter>
    </ClInclude>
    <ClInclude Include="CameraHandler.h">
      <Filter>EventGenerators</Filter>
    </ClInclude>
    <ClInclude Include="scoringimpulse.hpp">
      <Filter>Datatypes\Scoring</Filter>
    </ClInclude>
    <ClInclude Include="sectortracker.hpp">
      <Filter>Datatypes\Scoring</Filter>
    </ClInclude>
    <ClInclude Include="CameraRequestHandler.h">
      <Filter>Comms\ReqResp\Handlers</Filter>
    </ClInclude>
    <ClInclude Include="DriverInfo.h">
      <Filter>Datatypes\WeekendInfo\DriverInfo</Filter>
    </ClInclude>
    <ClInclude Include="Driver.h">
      <Filter>Datatypes\WeekendInfo\DriverInfo</Filter>
    </ClInclude>
    <ClInclude Include="RequestHandler.h">
      <Filter>Comms\ReqResp\Handlers</Filter>
    </ClInclude>
    <ClInclude Include="SessionInfoHandler.h">
      <Filter>Header Files</Filter>
    </ClInclude>
  </ItemGroup>
  <ItemGroup>
    <ClCompile Include="stdafx.cpp">
      <Filter>Source Files</Filter>
    </ClCompile>
    <ClCompile Include="irreader.cpp">
      <Filter>Source Files</Filter>
    </ClCompile>
    <ClCompile Include="weekendinfo.cpp">
      <Filter>Datatypes\WeekendInfo</Filter>
    </ClCompile>
    <ClCompile Include="dummyhandler.cpp">
      <Filter>EventGenerators</Filter>
    </ClCompile>
    <ClCompile Include="scoringimpulsehandler.cpp">
      <Filter>EventGenerators</Filter>
    </ClCompile>
    <ClCompile Include="CameraState.cpp">
      <Filter>Datatypes\Camera</Filter>
    </ClCompile>
    <ClCompile Include="irsdk_utils.cpp">
      <Filter>Comms\iRacing SDK</Filter>
    </ClCompile>
    <ClCompile Include="publisher.cpp">
      <Filter>Comms\PubSub</Filter>
    </ClCompile>
    <ClCompile Include="Responder.cpp">
      <Filter>Comms\ReqResp</Filter>
    </ClCompile>
    <ClCompile Include="CameraHandler.cpp">
      <Filter>EventGenerators</Filter>
    </ClCompile>
    <ClCompile Include="scoringimpulse.cpp">
      <Filter>Datatypes\Scoring</Filter>
    </ClCompile>
    <ClCompile Include="sectortracker.cpp">
      <Filter>Datatypes\Scoring</Filter>
    </ClCompile>
    <ClCompile Include="CameraRequestHandler.cpp">
      <Filter>Comms\ReqResp\Handlers</Filter>
    </ClCompile>
    <ClCompile Include="RequestHandler.cpp">
      <Filter>Comms\ReqResp\Handlers</Filter>
    </ClCompile>
    <ClCompile Include="SessionInfoHandler.cpp">
      <Filter>Source Files</Filter>
    </ClCompile>
    <ClCompile Include="DriverInfo.cpp">
      <Filter>Datatypes\WeekendInfo\DriverInfo</Filter>
    </ClCompile>
  </ItemGroup>
  <ItemGroup>
    <ResourceCompile Include="ievent-service.rc">
      <Filter>Resource Files</Filter>
    </ResourceCompile>
  </ItemGroup>
</Project>